
Microsoft Visual Studio Solution File, Format Version 12.00
# Visual Studio Version 17
VisualStudioVersion = 17.0.31903.59
MinimumVisualStudioVersion = 10.0.40219.1
Project("{2150E333-8FDC-42A3-9474-1A3956D46DE8}") = "src", "src", "{B77FA52C-4F39-4A2A-B80A-1739DA973C6B}"
EndProject
Project("{FAE04EC0-301F-11D3-BF4B-00C04F79EFBC}") = "PercentCurly", "src\PercentCurly\PercentCurly.csproj", "{B38CF833-0AF2-4C88-A931-3E7CE4B8CB3B}"
EndProject
Project("{2150E333-8FDC-42A3-9474-1A3956D46DE8}") = "test", "test", "{C05E013F-F1A7-4145-AABD-D37BFFA28CE3}"
EndProject
Project("{FAE04EC0-301F-11D3-BF4B-00C04F79EFBC}") = "PercentCurly.Tests", "test\PercentCurly.Tests\PercentCurly.Tests.csproj", "{54A2BDAD-6422-4D30-8F8F-789DB2EA6265}"
EndProject
Global
	GlobalSection(SolutionConfigurationPlatforms) = preSolution
		Debug|Any CPU = Debug|Any CPU
		Release|Any CPU = Release|Any CPU
	EndGlobalSection
	GlobalSection(SolutionProperties) = preSolution
		HideSolutionNode = FALSE
	EndGlobalSection
	GlobalSection(ProjectConfigurationPlatforms) = postSolution
		{B38CF833-0AF2-4C88-A931-3E7CE4B8CB3B}.Debug|Any CPU.ActiveCfg = Debug|Any CPU
		{B38CF833-0AF2-4C88-A931-3E7CE4B8CB3B}.Debug|Any CPU.Build.0 = Debug|Any CPU
		{B38CF833-0AF2-4C88-A931-3E7CE4B8CB3B}.Release|Any CPU.ActiveCfg = Release|Any CPU
		{B38CF833-0AF2-4C88-A931-3E7CE4B8CB3B}.Release|Any CPU.Build.0 = Release|Any CPU
		{54A2BDAD-6422-4D30-8F8F-789DB2EA6265}.Debug|Any CPU.ActiveCfg = Debug|Any CPU
		{54A2BDAD-6422-4D30-8F8F-789DB2EA6265}.Debug|Any CPU.Build.0 = Debug|Any CPU
		{54A2BDAD-6422-4D30-8F8F-789DB2EA6265}.Release|Any CPU.ActiveCfg = Release|Any CPU
		{54A2BDAD-6422-4D30-8F8F-789DB2EA6265}.Release|Any CPU.Build.0 = Release|Any CPU
	EndGlobalSection
	GlobalSection(NestedProjects) = preSolution
		{B38CF833-0AF2-4C88-A931-3E7CE4B8CB3B} = {B77FA52C-4F39-4A2A-B80A-1739DA973C6B}
		{54A2BDAD-6422-4D30-8F8F-789DB2EA6265} = {C05E013F-F1A7-4145-AABD-D37BFFA28CE3}
	EndGlobalSection
EndGlobal
